// !$*UTF8*$!
{
	archiveVersion = 1;
	classes = {
	};
	objectVersion = 56;
	objects = {

/* Begin PBXBuildFile section */
		0929356929A25E930064E619 /* BookDetailView.swift in Sources */ = {isa = PBXBuildFile; fileRef = 0929356829A25E930064E619 /* BookDetailView.swift */; };
		0929356B29A265DD0064E619 /* RatingView.swift in Sources */ = {isa = PBXBuildFile; fileRef = 0929356A29A265DD0064E619 /* RatingView.swift */; };
		0929356D29A267D40064E619 /* Extensions.swift in Sources */ = {isa = PBXBuildFile; fileRef = 0929356C29A267D40064E619 /* Extensions.swift */; };
		093C57B4299573F800AF8337 /* BooksViewModel.swift in Sources */ = {isa = PBXBuildFile; fileRef = 093C57B3299573F800AF8337 /* BooksViewModel.swift */; };
		093C57B62995741100AF8337 /* DetailViewModel.swift in Sources */ = {isa = PBXBuildFile; fileRef = 093C57B52995741100AF8337 /* DetailViewModel.swift */; };
		093C57B929957A4900AF8337 /* NetworkPersistence.swift in Sources */ = {isa = PBXBuildFile; fileRef = 093C57B829957A4900AF8337 /* NetworkPersistence.swift */; };
		093C57BB29957C4F00AF8337 /* NetworkInterface.swift in Sources */ = {isa = PBXBuildFile; fileRef = 093C57BA29957C4F00AF8337 /* NetworkInterface.swift */; };
		098414DF299179D9005B40BD /* BookStoryApp.swift in Sources */ = {isa = PBXBuildFile; fileRef = 098414DE299179D9005B40BD /* BookStoryApp.swift */; };
		098414E1299179D9005B40BD /* ContentView.swift in Sources */ = {isa = PBXBuildFile; fileRef = 098414E0299179D9005B40BD /* ContentView.swift */; };
		098414E3299179DB005B40BD /* Assets.xcassets in Resources */ = {isa = PBXBuildFile; fileRef = 098414E2299179DB005B40BD /* Assets.xcassets */; };
		098414E6299179DB005B40BD /* Preview Assets.xcassets in Resources */ = {isa = PBXBuildFile; fileRef = 098414E5299179DB005B40BD /* Preview Assets.xcassets */; };
		09B4FEE029B3811900FD1F63 /* LoginView.swift in Sources */ = {isa = PBXBuildFile; fileRef = 09B4FEDF29B3811900FD1F63 /* LoginView.swift */; };
		09B4FEE229B3828600FD1F63 /* CustomTextField.swift in Sources */ = {isa = PBXBuildFile; fileRef = 09B4FEE129B3828600FD1F63 /* CustomTextField.swift */; };
		09B4FEE429B3874300FD1F63 /* UserViewModel.swift in Sources */ = {isa = PBXBuildFile; fileRef = 09B4FEE329B3874300FD1F63 /* UserViewModel.swift */; };
		09B4FEE629B4DFA500FD1F63 /* UserView.swift in Sources */ = {isa = PBXBuildFile; fileRef = 09B4FEE529B4DFA400FD1F63 /* UserView.swift */; };
		09B4FEE929B4E06900FD1F63 /* ModelDefinition.swift in Sources */ = {isa = PBXBuildFile; fileRef = 09B4FEE829B4E06900FD1F63 /* ModelDefinition.swift */; };
		09B4FEEB29B4E08400FD1F63 /* ModelOperations.swift in Sources */ = {isa = PBXBuildFile; fileRef = 09B4FEEA29B4E08400FD1F63 /* ModelOperations.swift */; };
		09B4FEED29B4E08D00FD1F63 /* ModelSecondary.swift in Sources */ = {isa = PBXBuildFile; fileRef = 09B4FEEC29B4E08D00FD1F63 /* ModelSecondary.swift */; };
		09B4FEEF29B4F65E00FD1F63 /* NewUserView.swift in Sources */ = {isa = PBXBuildFile; fileRef = 09B4FEEE29B4F65E00FD1F63 /* NewUserView.swift */; };
		09BA3E5929A21D8B006F6CE7 /* NetworkStatus.swift in Sources */ = {isa = PBXBuildFile; fileRef = 09BA3E5829A21D8B006F6CE7 /* NetworkStatus.swift */; };
		09BA3E5B29A22269006F6CE7 /* AppOfflineView.swift in Sources */ = {isa = PBXBuildFile; fileRef = 09BA3E5A29A22269006F6CE7 /* AppOfflineView.swift */; };
		09BA3E5D29A22479006F6CE7 /* BookRow.swift in Sources */ = {isa = PBXBuildFile; fileRef = 09BA3E5C29A22479006F6CE7 /* BookRow.swift */; };
		09BA3E5F29A227A3006F6CE7 /* LoadingView.swift in Sources */ = {isa = PBXBuildFile; fileRef = 09BA3E5E29A227A3006F6CE7 /* LoadingView.swift */; };
		09BA3E6129A23680006F6CE7 /* TabController.swift in Sources */ = {isa = PBXBuildFile; fileRef = 09BA3E6029A23680006F6CE7 /* TabController.swift */; };
		09BA3E6329A23738006F6CE7 /* SearchView.swift in Sources */ = {isa = PBXBuildFile; fileRef = 09BA3E6229A23738006F6CE7 /* SearchView.swift */; };
		09BA3E6529A23742006F6CE7 /* LatestView.swift in Sources */ = {isa = PBXBuildFile; fileRef = 09BA3E6429A23742006F6CE7 /* LatestView.swift */; };
		09BA3E6729A23750006F6CE7 /* ReadView.swift in Sources */ = {isa = PBXBuildFile; fileRef = 09BA3E6629A23750006F6CE7 /* ReadView.swift */; };
		09C3EC0229AA5448001C2FC7 /* BookCover.swift in Sources */ = {isa = PBXBuildFile; fileRef = 09C3EC0129AA5448001C2FC7 /* BookCover.swift */; };
/* End PBXBuildFile section */

/* Begin PBXFileReference section */
		0929356829A25E930064E619 /* BookDetailView.swift */ = {isa = PBXFileReference; lastKnownFileType = sourcecode.swift; path = BookDetailView.swift; sourceTree = "<group>"; };
		0929356A29A265DD0064E619 /* RatingView.swift */ = {isa = PBXFileReference; lastKnownFileType = sourcecode.swift; path = RatingView.swift; sourceTree = "<group>"; };
		0929356C29A267D40064E619 /* Extensions.swift */ = {isa = PBXFileReference; lastKnownFileType = sourcecode.swift; path = Extensions.swift; sourceTree = "<group>"; };
		093C57B3299573F800AF8337 /* BooksViewModel.swift */ = {isa = PBXFileReference; lastKnownFileType = sourcecode.swift; path = BooksViewModel.swift; sourceTree = "<group>"; };
		093C57B52995741100AF8337 /* DetailViewModel.swift */ = {isa = PBXFileReference; lastKnownFileType = sourcecode.swift; path = DetailViewModel.swift; sourceTree = "<group>"; };
		093C57B829957A4900AF8337 /* NetworkPersistence.swift */ = {isa = PBXFileReference; lastKnownFileType = sourcecode.swift; path = NetworkPersistence.swift; sourceTree = "<group>"; };
		093C57BA29957C4F00AF8337 /* NetworkInterface.swift */ = {isa = PBXFileReference; lastKnownFileType = sourcecode.swift; path = NetworkInterface.swift; sourceTree = "<group>"; };
		098414DB299179D9005B40BD /* BookStory.app */ = {isa = PBXFileReference; explicitFileType = wrapper.application; includeInIndex = 0; path = BookStory.app; sourceTree = BUILT_PRODUCTS_DIR; };
		098414DE299179D9005B40BD /* BookStoryApp.swift */ = {isa = PBXFileReference; lastKnownFileType = sourcecode.swift; path = BookStoryApp.swift; sourceTree = "<group>"; };
		098414E0299179D9005B40BD /* ContentView.swift */ = {isa = PBXFileReference; lastKnownFileType = sourcecode.swift; path = ContentView.swift; sourceTree = "<group>"; };
		098414E2299179DB005B40BD /* Assets.xcassets */ = {isa = PBXFileReference; lastKnownFileType = folder.assetcatalog; path = Assets.xcassets; sourceTree = "<group>"; };
		098414E5299179DB005B40BD /* Preview Assets.xcassets */ = {isa = PBXFileReference; lastKnownFileType = folder.assetcatalog; path = "Preview Assets.xcassets"; sourceTree = "<group>"; };
		09B4FEDF29B3811900FD1F63 /* LoginView.swift */ = {isa = PBXFileReference; lastKnownFileType = sourcecode.swift; path = LoginView.swift; sourceTree = "<group>"; };
		09B4FEE129B3828600FD1F63 /* CustomTextField.swift */ = {isa = PBXFileReference; lastKnownFileType = sourcecode.swift; path = CustomTextField.swift; sourceTree = "<group>"; };
		09B4FEE329B3874300FD1F63 /* UserViewModel.swift */ = {isa = PBXFileReference; lastKnownFileType = sourcecode.swift; path = UserViewModel.swift; sourceTree = "<group>"; };
		09B4FEE529B4DFA400FD1F63 /* UserView.swift */ = {isa = PBXFileReference; lastKnownFileType = sourcecode.swift; path = UserView.swift; sourceTree = "<group>"; };
		09B4FEE829B4E06900FD1F63 /* ModelDefinition.swift */ = {isa = PBXFileReference; fileEncoding = 4; lastKnownFileType = sourcecode.swift; path = ModelDefinition.swift; sourceTree = "<group>"; };
		09B4FEEA29B4E08400FD1F63 /* ModelOperations.swift */ = {isa = PBXFileReference; lastKnownFileType = sourcecode.swift; path = ModelOperations.swift; sourceTree = "<group>"; };
		09B4FEEC29B4E08D00FD1F63 /* ModelSecondary.swift */ = {isa = PBXFileReference; lastKnownFileType = sourcecode.swift; path = ModelSecondary.swift; sourceTree = "<group>"; };
		09B4FEEE29B4F65E00FD1F63 /* NewUserView.swift */ = {isa = PBXFileReference; lastKnownFileType = sourcecode.swift; path = NewUserView.swift; sourceTree = "<group>"; };
		09BA3E5829A21D8B006F6CE7 /* NetworkStatus.swift */ = {isa = PBXFileReference; lastKnownFileType = sourcecode.swift; path = NetworkStatus.swift; sourceTree = "<group>"; };
		09BA3E5A29A22269006F6CE7 /* AppOfflineView.swift */ = {isa = PBXFileReference; lastKnownFileType = sourcecode.swift; path = AppOfflineView.swift; sourceTree = "<group>"; };
		09BA3E5C29A22479006F6CE7 /* BookRow.swift */ = {isa = PBXFileReference; lastKnownFileType = sourcecode.swift; path = BookRow.swift; sourceTree = "<group>"; };
		09BA3E5E29A227A3006F6CE7 /* LoadingView.swift */ = {isa = PBXFileReference; lastKnownFileType = sourcecode.swift; path = LoadingView.swift; sourceTree = "<group>"; };
		09BA3E6029A23680006F6CE7 /* TabController.swift */ = {isa = PBXFileReference; lastKnownFileType = sourcecode.swift; path = TabController.swift; sourceTree = "<group>"; };
		09BA3E6229A23738006F6CE7 /* SearchView.swift */ = {isa = PBXFileReference; lastKnownFileType = sourcecode.swift; path = SearchView.swift; sourceTree = "<group>"; };
		09BA3E6429A23742006F6CE7 /* LatestView.swift */ = {isa = PBXFileReference; lastKnownFileType = sourcecode.swift; path = LatestView.swift; sourceTree = "<group>"; };
		09BA3E6629A23750006F6CE7 /* ReadView.swift */ = {isa = PBXFileReference; lastKnownFileType = sourcecode.swift; path = ReadView.swift; sourceTree = "<group>"; };
		09C3EC0129AA5448001C2FC7 /* BookCover.swift */ = {isa = PBXFileReference; lastKnownFileType = sourcecode.swift; path = BookCover.swift; sourceTree = "<group>"; };
/* End PBXFileReference section */

/* Begin PBXFrameworksBuildPhase section */
		098414D8299179D9005B40BD /* Frameworks */ = {
			isa = PBXFrameworksBuildPhase;
			buildActionMask = 2147483647;
			files = (
			);
			runOnlyForDeploymentPostprocessing = 0;
		};
/* End PBXFrameworksBuildPhase section */

/* Begin PBXGroup section */
		093C57B729957A2800AF8337 /* Network */ = {
			isa = PBXGroup;
			children = (
				093C57BA29957C4F00AF8337 /* NetworkInterface.swift */,
				093C57B829957A4900AF8337 /* NetworkPersistence.swift */,
			);
			name = Network;
			sourceTree = "<group>";
		};
		098414D2299179D9005B40BD = {
			isa = PBXGroup;
			children = (
				098414DD299179D9005B40BD /* BookStory */,
				098414DC299179D9005B40BD /* Products */,
			);
			sourceTree = "<group>";
		};
		098414DC299179D9005B40BD /* Products */ = {
			isa = PBXGroup;
			children = (
				098414DB299179D9005B40BD /* BookStory.app */,
			);
			name = Products;
			sourceTree = "<group>";
		};
		098414DD299179D9005B40BD /* BookStory */ = {
			isa = PBXGroup;
			children = (
				098414EC29917A1E005B40BD /* Views */,
				098414F029917A52005B40BD /* Components */,
				098414EE29917A2E005B40BD /* ViewModels */,
				093C57B729957A2800AF8337 /* Network */,
				098414EF29917A49005B40BD /* Model */,
				098414F129917A59005B40BD /* Resources */,
				098414F229917A68005B40BD /* System */,
				098414E4299179DB005B40BD /* Preview Content */,
			);
			path = BookStory;
			sourceTree = "<group>";
		};
		098414E4299179DB005B40BD /* Preview Content */ = {
			isa = PBXGroup;
			children = (
				098414E5299179DB005B40BD /* Preview Assets.xcassets */,
			);
			path = "Preview Content";
			sourceTree = "<group>";
		};
		098414EC29917A1E005B40BD /* Views */ = {
			isa = PBXGroup;
			children = (
				098414E0299179D9005B40BD /* ContentView.swift */,
				09BA3E6029A23680006F6CE7 /* TabController.swift */,
				09BA3E6229A23738006F6CE7 /* SearchView.swift */,
				09BA3E6429A23742006F6CE7 /* LatestView.swift */,
				09BA3E6629A23750006F6CE7 /* ReadView.swift */,
				0929356829A25E930064E619 /* BookDetailView.swift */,
				09B4FEDF29B3811900FD1F63 /* LoginView.swift */,
				09B4FEE529B4DFA400FD1F63 /* UserView.swift */,
				09B4FEEE29B4F65E00FD1F63 /* NewUserView.swift */,
			);
			name = Views;
			sourceTree = "<group>";
		};
		098414EE29917A2E005B40BD /* ViewModels */ = {
			isa = PBXGroup;
			children = (
				093C57B3299573F800AF8337 /* BooksViewModel.swift */,
				093C57B52995741100AF8337 /* DetailViewModel.swift */,
				09BA3E5829A21D8B006F6CE7 /* NetworkStatus.swift */,
				09B4FEE329B3874300FD1F63 /* UserViewModel.swift */,
			);
			name = ViewModels;
			sourceTree = "<group>";
		};
		098414EF29917A49005B40BD /* Model */ = {
			isa = PBXGroup;
			children = (
				09B4FEE829B4E06900FD1F63 /* ModelDefinition.swift */,
				09B4FEEA29B4E08400FD1F63 /* ModelOperations.swift */,
				09B4FEEC29B4E08D00FD1F63 /* ModelSecondary.swift */,
			);
			name = Model;
			sourceTree = "<group>";
		};
		098414F029917A52005B40BD /* Components */ = {
			isa = PBXGroup;
			children = (
				09BA3E5A29A22269006F6CE7 /* AppOfflineView.swift */,
				09BA3E5C29A22479006F6CE7 /* BookRow.swift */,
				09BA3E5E29A227A3006F6CE7 /* LoadingView.swift */,
				0929356A29A265DD0064E619 /* RatingView.swift */,
				09C3EC0129AA5448001C2FC7 /* BookCover.swift */,
				09B4FEE129B3828600FD1F63 /* CustomTextField.swift */,
			);
			name = Components;
			sourceTree = "<group>";
		};
		098414F129917A59005B40BD /* Resources */ = {
			isa = PBXGroup;
			children = (
				0929356C29A267D40064E619 /* Extensions.swift */,
			);
			name = Resources;
			sourceTree = "<group>";
		};
		098414F229917A68005B40BD /* System */ = {
			isa = PBXGroup;
			children = (
				098414DE299179D9005B40BD /* BookStoryApp.swift */,
				098414E2299179DB005B40BD /* Assets.xcassets */,
			);
			name = System;
			sourceTree = "<group>";
		};
/* End PBXGroup section */

/* Begin PBXNativeTarget section */
		098414DA299179D9005B40BD /* BookStory */ = {
			isa = PBXNativeTarget;
			buildConfigurationList = 098414E9299179DB005B40BD /* Build configuration list for PBXNativeTarget "BookStory" */;
			buildPhases = (
				098414D7299179D9005B40BD /* Sources */,
				098414D8299179D9005B40BD /* Frameworks */,
				098414D9299179D9005B40BD /* Resources */,
			);
			buildRules = (
			);
			dependencies = (
			);
			name = BookStory;
			productName = BookStory;
			productReference = 098414DB299179D9005B40BD /* BookStory.app */;
			productType = "com.apple.product-type.application";
		};
/* End PBXNativeTarget section */

/* Begin PBXProject section */
		098414D3299179D9005B40BD /* Project object */ = {
			isa = PBXProject;
			attributes = {
				BuildIndependentTargetsInParallel = 1;
				LastSwiftUpdateCheck = 1420;
				LastUpgradeCheck = 1420;
				TargetAttributes = {
					098414DA299179D9005B40BD = {
						CreatedOnToolsVersion = 14.2;
					};
				};
			};
			buildConfigurationList = 098414D6299179D9005B40BD /* Build configuration list for PBXProject "BookStory" */;
			compatibilityVersion = "Xcode 14.0";
			developmentRegion = en;
			hasScannedForEncodings = 0;
			knownRegions = (
				en,
				Base,
			);
			mainGroup = 098414D2299179D9005B40BD;
			productRefGroup = 098414DC299179D9005B40BD /* Products */;
			projectDirPath = "";
			projectRoot = "";
			targets = (
				098414DA299179D9005B40BD /* BookStory */,
			);
		};
/* End PBXProject section */

/* Begin PBXResourcesBuildPhase section */
		098414D9299179D9005B40BD /* Resources */ = {
			isa = PBXResourcesBuildPhase;
			buildActionMask = 2147483647;
			files = (
				098414E6299179DB005B40BD /* Preview Assets.xcassets in Resources */,
				098414E3299179DB005B40BD /* Assets.xcassets in Resources */,
			);
			runOnlyForDeploymentPostprocessing = 0;
		};
/* End PBXResourcesBuildPhase section */

/* Begin PBXSourcesBuildPhase section */
		098414D7299179D9005B40BD /* Sources */ = {
			isa = PBXSourcesBuildPhase;
			buildActionMask = 2147483647;
			files = (
				098414E1299179D9005B40BD /* ContentView.swift in Sources */,
				09B4FEE429B3874300FD1F63 /* UserViewModel.swift in Sources */,
				0929356D29A267D40064E619 /* Extensions.swift in Sources */,
				09BA3E5D29A22479006F6CE7 /* BookRow.swift in Sources */,
				09B4FEE629B4DFA500FD1F63 /* UserView.swift in Sources */,
				09B4FEEB29B4E08400FD1F63 /* ModelOperations.swift in Sources */,
				093C57B4299573F800AF8337 /* BooksViewModel.swift in Sources */,
				09BA3E5F29A227A3006F6CE7 /* LoadingView.swift in Sources */,
				093C57B929957A4900AF8337 /* NetworkPersistence.swift in Sources */,
				09B4FEE929B4E06900FD1F63 /* ModelDefinition.swift in Sources */,
				093C57BB29957C4F00AF8337 /* NetworkInterface.swift in Sources */,
				09BA3E5B29A22269006F6CE7 /* AppOfflineView.swift in Sources */,
				09B4FEEF29B4F65E00FD1F63 /* NewUserView.swift in Sources */,
				09BA3E5929A21D8B006F6CE7 /* NetworkStatus.swift in Sources */,
				0929356929A25E930064E619 /* BookDetailView.swift in Sources */,
				09C3EC0229AA5448001C2FC7 /* BookCover.swift in Sources */,
				09BA3E6329A23738006F6CE7 /* SearchView.swift in Sources */,
				0929356B29A265DD0064E619 /* RatingView.swift in Sources */,
				09B4FEE229B3828600FD1F63 /* CustomTextField.swift in Sources */,
				093C57B62995741100AF8337 /* DetailViewModel.swift in Sources */,
				09B4FEED29B4E08D00FD1F63 /* ModelSecondary.swift in Sources */,
				09BA3E6129A23680006F6CE7 /* TabController.swift in Sources */,
				098414DF299179D9005B40BD /* BookStoryApp.swift in Sources */,
				09BA3E6729A23750006F6CE7 /* ReadView.swift in Sources */,
				09B4FEE029B3811900FD1F63 /* LoginView.swift in Sources */,
				09BA3E6529A23742006F6CE7 /* LatestView.swift in Sources */,
			);
			runOnlyForDeploymentPostprocessing = 0;
		};
/* End PBXSourcesBuildPhase section */

/* Begin XCBuildConfiguration section */
		098414E7299179DB005B40BD /* Debug */ = {
			isa = XCBuildConfiguration;
			buildSettings = {
				ALWAYS_SEARCH_USER_PATHS = NO;
				CLANG_ANALYZER_NONNULL = YES;
				CLANG_ANALYZER_NUMBER_OBJECT_CONVERSION = YES_AGGRESSIVE;
				CLANG_CXX_LANGUAGE_STANDARD = "gnu++20";
				CLANG_ENABLE_MODULES = YES;
				CLANG_ENABLE_OBJC_ARC = YES;
				CLANG_ENABLE_OBJC_WEAK = YES;
				CLANG_WARN_BLOCK_CAPTURE_AUTORELEASING = YES;
				CLANG_WARN_BOOL_CONVERSION = YES;
				CLANG_WARN_COMMA = YES;
				CLANG_WARN_CONSTANT_CONVERSION = YES;
				CLANG_WARN_DEPRECATED_OBJC_IMPLEMENTATIONS = YES;
				CLANG_WARN_DIRECT_OBJC_ISA_USAGE = YES_ERROR;
				CLANG_WARN_DOCUMENTATION_COMMENTS = YES;
				CLANG_WARN_EMPTY_BODY = YES;
				CLANG_WARN_ENUM_CONVERSION = YES;
				CLANG_WARN_INFINITE_RECURSION = YES;
				CLANG_WARN_INT_CONVERSION = YES;
				CLANG_WARN_NON_LITERAL_NULL_CONVERSION = YES;
				CLANG_WARN_OBJC_IMPLICIT_RETAIN_SELF = YES;
				CLANG_WARN_OBJC_LITERAL_CONVERSION = YES;
				CLANG_WARN_OBJC_ROOT_CLASS = YES_ERROR;
				CLANG_WARN_QUOTED_INCLUDE_IN_FRAMEWORK_HEADER = YES;
				CLANG_WARN_RANGE_LOOP_ANALYSIS = YES;
				CLANG_WARN_STRICT_PROTOTYPES = YES;
				CLANG_WARN_SUSPICIOUS_MOVE = YES;
				CLANG_WARN_UNGUARDED_AVAILABILITY = YES_AGGRESSIVE;
				CLANG_WARN_UNREACHABLE_CODE = YES;
				CLANG_WARN__DUPLICATE_METHOD_MATCH = YES;
				COPY_PHASE_STRIP = NO;
				DEBUG_INFORMATION_FORMAT = dwarf;
				ENABLE_STRICT_OBJC_MSGSEND = YES;
				ENABLE_TESTABILITY = YES;
				GCC_C_LANGUAGE_STANDARD = gnu11;
				GCC_DYNAMIC_NO_PIC = NO;
				GCC_NO_COMMON_BLOCKS = YES;
				GCC_OPTIMIZATION_LEVEL = 0;
				GCC_PREPROCESSOR_DEFINITIONS = (
					"DEBUG=1",
					"$(inherited)",
				);
				GCC_WARN_64_TO_32_BIT_CONVERSION = YES;
				GCC_WARN_ABOUT_RETURN_TYPE = YES_ERROR;
				GCC_WARN_UNDECLARED_SELECTOR = YES;
				GCC_WARN_UNINITIALIZED_AUTOS = YES_AGGRESSIVE;
				GCC_WARN_UNUSED_FUNCTION = YES;
				GCC_WARN_UNUSED_VARIABLE = YES;
				IPHONEOS_DEPLOYMENT_TARGET = 16.2;
				MTL_ENABLE_DEBUG_INFO = INCLUDE_SOURCE;
				MTL_FAST_MATH = YES;
				ONLY_ACTIVE_ARCH = YES;
				SDKROOT = iphoneos;
				SWIFT_ACTIVE_COMPILATION_CONDITIONS = DEBUG;
				SWIFT_OPTIMIZATION_LEVEL = "-Onone";
			};
			name = Debug;
		};
		098414E8299179DB005B40BD /* Release */ = {
			isa = XCBuildConfiguration;
			buildSettings = {
				ALWAYS_SEARCH_USER_PATHS = NO;
				CLANG_ANALYZER_NONNULL = YES;
				CLANG_ANALYZER_NUMBER_OBJECT_CONVERSION = YES_AGGRESSIVE;
				CLANG_CXX_LANGUAGE_STANDARD = "gnu++20";
				CLANG_ENABLE_MODULES = YES;
				CLANG_ENABLE_OBJC_ARC = YES;
				CLANG_ENABLE_OBJC_WEAK = YES;
				CLANG_WARN_BLOCK_CAPTURE_AUTORELEASING = YES;
				CLANG_WARN_BOOL_CONVERSION = YES;
				CLANG_WARN_COMMA = YES;
				CLANG_WARN_CONSTANT_CONVERSION = YES;
				CLANG_WARN_DEPRECATED_OBJC_IMPLEMENTATIONS = YES;
				CLANG_WARN_DIRECT_OBJC_ISA_USAGE = YES_ERROR;
				CLANG_WARN_DOCUMENTATION_COMMENTS = YES;
				CLANG_WARN_EMPTY_BODY = YES;
				CLANG_WARN_ENUM_CONVERSION = YES;
				CLANG_WARN_INFINITE_RECURSION = YES;
				CLANG_WARN_INT_CONVERSION = YES;
				CLANG_WARN_NON_LITERAL_NULL_CONVERSION = YES;
				CLANG_WARN_OBJC_IMPLICIT_RETAIN_SELF = YES;
				CLANG_WARN_OBJC_LITERAL_CONVERSION = YES;
				CLANG_WARN_OBJC_ROOT_CLASS = YES_ERROR;
				CLANG_WARN_QUOTED_INCLUDE_IN_FRAMEWORK_HEADER = YES;
				CLANG_WARN_RANGE_LOOP_ANALYSIS = YES;
				CLANG_WARN_STRICT_PROTOTYPES = YES;
				CLANG_WARN_SUSPICIOUS_MOVE = YES;
				CLANG_WARN_UNGUARDED_AVAILABILITY = YES_AGGRESSIVE;
				CLANG_WARN_UNREACHABLE_CODE = YES;
				CLANG_WARN__DUPLICATE_METHOD_MATCH = YES;
				COPY_PHASE_STRIP = NO;
				DEBUG_INFORMATION_FORMAT = "dwarf-with-dsym";
				ENABLE_NS_ASSERTIONS = NO;
				ENABLE_STRICT_OBJC_MSGSEND = YES;
				GCC_C_LANGUAGE_STANDARD = gnu11;
				GCC_NO_COMMON_BLOCKS = YES;
				GCC_WARN_64_TO_32_BIT_CONVERSION = YES;
				GCC_WARN_ABOUT_RETURN_TYPE = YES_ERROR;
				GCC_WARN_UNDECLARED_SELECTOR = YES;
				GCC_WARN_UNINITIALIZED_AUTOS = YES_AGGRESSIVE;
				GCC_WARN_UNUSED_FUNCTION = YES;
				GCC_WARN_UNUSED_VARIABLE = YES;
				IPHONEOS_DEPLOYMENT_TARGET = 16.2;
				MTL_ENABLE_DEBUG_INFO = NO;
				MTL_FAST_MATH = YES;
				SDKROOT = iphoneos;
				SWIFT_COMPILATION_MODE = wholemodule;
				SWIFT_OPTIMIZATION_LEVEL = "-O";
				VALIDATE_PRODUCT = YES;
			};
			name = Release;
		};
		098414EA299179DB005B40BD /* Debug */ = {
			isa = XCBuildConfiguration;
			buildSettings = {
				ASSETCATALOG_COMPILER_APPICON_NAME = AppIcon;
				ASSETCATALOG_COMPILER_GLOBAL_ACCENT_COLOR_NAME = AccentColor;
				CODE_SIGN_STYLE = Automatic;
				CURRENT_PROJECT_VERSION = 1;
				DEVELOPMENT_ASSET_PATHS = "\"BookStory/Preview Content\"";
				DEVELOPMENT_TEAM = ZM86P2F88K;
				ENABLE_PREVIEWS = YES;
				GENERATE_INFOPLIST_FILE = YES;
				INFOPLIST_KEY_UIApplicationSceneManifest_Generation = YES;
				INFOPLIST_KEY_UIApplicationSupportsIndirectInputEvents = YES;
				INFOPLIST_KEY_UILaunchScreen_Generation = YES;
				INFOPLIST_KEY_UISupportedInterfaceOrientations_iPad = "UIInterfaceOrientationPortrait UIInterfaceOrientationPortraitUpsideDown UIInterfaceOrientationLandscapeLeft UIInterfaceOrientationLandscapeRight";
				INFOPLIST_KEY_UISupportedInterfaceOrientations_iPhone = "UIInterfaceOrientationPortrait UIInterfaceOrientationLandscapeLeft UIInterfaceOrientationLandscapeRight";
				LD_RUNPATH_SEARCH_PATHS = (
					"$(inherited)",
					"@executable_path/Frameworks",
				);
				MARKETING_VERSION = 1.0;
				PRODUCT_BUNDLE_IDENTIFIER = dev.jsanz.BookStory;
				PRODUCT_NAME = "$(TARGET_NAME)";
				SWIFT_EMIT_LOC_STRINGS = YES;
				SWIFT_VERSION = 5.0;
				TARGETED_DEVICE_FAMILY = "1,2";
			};
			name = Debug;
		};
		098414EB299179DB005B40BD /* Release */ = {
			isa = XCBuildConfiguration;
			buildSettings = {
				ASSETCATALOG_COMPILER_APPICON_NAME = AppIcon;
				ASSETCATALOG_COMPILER_GLOBAL_ACCENT_COLOR_NAME = AccentColor;
				CODE_SIGN_STYLE = Automatic;
				CURRENT_PROJECT_VERSION = 1;
				DEVELOPMENT_ASSET_PATHS = "\"BookStory/Preview Content\"";
				DEVELOPMENT_TEAM = ZM86P2F88K;
				ENABLE_PREVIEWS = YES;
				GENERATE_INFOPLIST_FILE = YES;
				INFOPLIST_KEY_UIApplicationSceneManifest_Generation = YES;
				INFOPLIST_KEY_UIApplicationSupportsIndirectInputEvents = YES;
				INFOPLIST_KEY_UILaunchScreen_Generation = YES;
				INFOPLIST_KEY_UISupportedInterfaceOrientations_iPad = "UIInterfaceOrientationPortrait UIInterfaceOrientationPortraitUpsideDown UIInterfaceOrientationLandscapeLeft UIInterfaceOrientationLandscapeRight";
				INFOPLIST_KEY_UISupportedInterfaceOrientations_iPhone = "UIInterfaceOrientationPortrait UIInterfaceOrientationLandscapeLeft UIInterfaceOrientationLandscapeRight";
				LD_RUNPATH_SEARCH_PATHS = (
					"$(inherited)",
					"@executable_path/Frameworks",
				);
				MARKETING_VERSION = 1.0;
				PRODUCT_BUNDLE_IDENTIFIER = dev.jsanz.BookStory;
				PRODUCT_NAME = "$(TARGET_NAME)";
				SWIFT_EMIT_LOC_STRINGS = YES;
				SWIFT_VERSION = 5.0;
				TARGETED_DEVICE_FAMILY = "1,2";
			};
			name = Release;
		};
/* End XCBuildConfiguration section */

/* Begin XCConfigurationList section */
		098414D6299179D9005B40BD /* Build configuration list for PBXProject "BookStory" */ = {
			isa = XCConfigurationList;
			buildConfigurations = (
				098414E7299179DB005B40BD /* Debug */,
				098414E8299179DB005B40BD /* Release */,
			);
			defaultConfigurationIsVisible = 0;
			defaultConfigurationName = Release;
		};
		098414E9299179DB005B40BD /* Build configuration list for PBXNativeTarget "BookStory" */ = {
			isa = XCConfigurationList;
			buildConfigurations = (
				098414EA299179DB005B40BD /* Debug */,
				098414EB299179DB005B40BD /* Release */,
			);
			defaultConfigurationIsVisible = 0;
			defaultConfigurationName = Release;
		};
/* End XCConfigurationList section */
	};
	rootObject = 098414D3299179D9005B40BD /* Project object */;
}
